// !$*UTF8*$!
{
	archiveVersion = 1;
	classes = {
	};
	objectVersion = 46;
	objects = {

/* Begin PBXBuildFile section */
		6CA1C116C99E6D3410E1337C /* Pods_DynamicFormsTests.framework in Frameworks */ = {isa = PBXBuildFile; fileRef = DC7C1BCF9D087259DCE86944 /* Pods_DynamicFormsTests.framework */; };
		997CA6389CC240E564EC61B2 /* Pods_DynamicFormsUITests.framework in Frameworks */ = {isa = PBXBuildFile; fileRef = 3953A391C718DF96DA708D0F /* Pods_DynamicFormsUITests.framework */; };
		F5C0E7808B07E5E36F4F649A /* Pods_DynamicForms.framework in Frameworks */ = {isa = PBXBuildFile; fileRef = DDCB65A197B59052F4E6965E /* Pods_DynamicForms.framework */; };
		FC0F88841DD57B9E00AEA608 /* CustomInputView.xib in Resources */ = {isa = PBXBuildFile; fileRef = FC0F88831DD57B9E00AEA608 /* CustomInputView.xib */; };
		FC0F88861DD57BED00AEA608 /* CustomInputView.swift in Sources */ = {isa = PBXBuildFile; fileRef = FC0F88851DD57BED00AEA608 /* CustomInputView.swift */; };
		FC0F888A1DD58B5300AEA608 /* DoubleInputTableViewCell.swift in Sources */ = {isa = PBXBuildFile; fileRef = FC0F88881DD58B5300AEA608 /* DoubleInputTableViewCell.swift */; };
		FC0F888B1DD58B5300AEA608 /* DoubleInputTableViewCell.xib in Resources */ = {isa = PBXBuildFile; fileRef = FC0F88891DD58B5300AEA608 /* DoubleInputTableViewCell.xib */; };
		FC0F888E1DD58D6B00AEA608 /* TripleTableViewCell.swift in Sources */ = {isa = PBXBuildFile; fileRef = FC0F888C1DD58D6B00AEA608 /* TripleTableViewCell.swift */; };
		FC0F888F1DD58D6B00AEA608 /* TripleTableViewCell.xib in Resources */ = {isa = PBXBuildFile; fileRef = FC0F888D1DD58D6B00AEA608 /* TripleTableViewCell.xib */; };
		FC0F88911DD5A77100AEA608 /* TextFieldDataSource.swift in Sources */ = {isa = PBXBuildFile; fileRef = FC0F88901DD5A77100AEA608 /* TextFieldDataSource.swift */; };
		FC3C4F1B1DD1CD2900E6D1C1 /* AppDelegate.swift in Sources */ = {isa = PBXBuildFile; fileRef = FC3C4F1A1DD1CD2900E6D1C1 /* AppDelegate.swift */; };
		FC3C4F1D1DD1CD2900E6D1C1 /* ViewController.swift in Sources */ = {isa = PBXBuildFile; fileRef = FC3C4F1C1DD1CD2900E6D1C1 /* ViewController.swift */; };
		FC3C4F201DD1CD2900E6D1C1 /* Main.storyboard in Resources */ = {isa = PBXBuildFile; fileRef = FC3C4F1E1DD1CD2900E6D1C1 /* Main.storyboard */; };
		FC3C4F221DD1CD2900E6D1C1 /* Assets.xcassets in Resources */ = {isa = PBXBuildFile; fileRef = FC3C4F211DD1CD2900E6D1C1 /* Assets.xcassets */; };
		FC3C4F251DD1CD2900E6D1C1 /* LaunchScreen.storyboard in Resources */ = {isa = PBXBuildFile; fileRef = FC3C4F231DD1CD2900E6D1C1 /* LaunchScreen.storyboard */; };
		FC3C4F301DD1CD2900E6D1C1 /* DynamicFormsTests.swift in Sources */ = {isa = PBXBuildFile; fileRef = FC3C4F2F1DD1CD2900E6D1C1 /* DynamicFormsTests.swift */; };
		FC3C4F3B1DD1CD2900E6D1C1 /* DynamicFormsUITests.swift in Sources */ = {isa = PBXBuildFile; fileRef = FC3C4F3A1DD1CD2900E6D1C1 /* DynamicFormsUITests.swift */; };
		FCC011FE1DD46E0600278DE7 /* Data.json in Resources */ = {isa = PBXBuildFile; fileRef = FCC011FD1DD46E0600278DE7 /* Data.json */; };
		FCC012051DD470DF00278DE7 /* Attributes.swift in Sources */ = {isa = PBXBuildFile; fileRef = FCC012021DD470DF00278DE7 /* Attributes.swift */; };
		FCC012061DD470DF00278DE7 /* BaseClass.swift in Sources */ = {isa = PBXBuildFile; fileRef = FCC012031DD470DF00278DE7 /* BaseClass.swift */; };
		FCC012071DD470DF00278DE7 /* ValidationData.swift in Sources */ = {isa = PBXBuildFile; fileRef = FCC012041DD470DF00278DE7 /* ValidationData.swift */; };
		FCC828851DD305B9001C1160 /* SingleFieldTableViewCell.swift in Sources */ = {isa = PBXBuildFile; fileRef = FCC828831DD305B9001C1160 /* SingleFieldTableViewCell.swift */; };
		FCC828861DD305B9001C1160 /* SingleFieldTableViewCell.xib in Resources */ = {isa = PBXBuildFile; fileRef = FCC828841DD305B9001C1160 /* SingleFieldTableViewCell.xib */; };
		FCDFB4091DD1F68500FBF6AB /* DataSource.swift in Sources */ = {isa = PBXBuildFile; fileRef = FCDFB4081DD1F68500FBF6AB /* DataSource.swift */; };
		FCDFB40B1DD1FAB600FBF6AB /* QuoteTableViewCell.swift in Sources */ = {isa = PBXBuildFile; fileRef = FCDFB40A1DD1FAB600FBF6AB /* QuoteTableViewCell.swift */; };
/* End PBXBuildFile section */

/* Begin PBXContainerItemProxy section */
		FC3C4F2C1DD1CD2900E6D1C1 /* PBXContainerItemProxy */ = {
			isa = PBXContainerItemProxy;
			containerPortal = FC3C4F0F1DD1CD2800E6D1C1 /* Project object */;
			proxyType = 1;
			remoteGlobalIDString = FC3C4F161DD1CD2900E6D1C1;
			remoteInfo = DynamicForms;
		};
		FC3C4F371DD1CD2900E6D1C1 /* PBXContainerItemProxy */ = {
			isa = PBXContainerItemProxy;
			containerPortal = FC3C4F0F1DD1CD2800E6D1C1 /* Project object */;
			proxyType = 1;
			remoteGlobalIDString = FC3C4F161DD1CD2900E6D1C1;
			remoteInfo = DynamicForms;
		};
/* End PBXContainerItemProxy section */

/* Begin PBXFileReference section */
		13928A85E3D596BBFA096F86 /* Pods-DynamicFormsTests.debug.xcconfig */ = {isa = PBXFileReference; includeInIndex = 1; lastKnownFileType = text.xcconfig; name = "Pods-DynamicFormsTests.debug.xcconfig"; path = "Pods/Target Support Files/Pods-DynamicFormsTests/Pods-DynamicFormsTests.debug.xcconfig"; sourceTree = "<group>"; };
		263CF67EFEEC5EFBE001BD01 /* Pods-DynamicForms.debug.xcconfig */ = {isa = PBXFileReference; includeInIndex = 1; lastKnownFileType = text.xcconfig; name = "Pods-DynamicForms.debug.xcconfig"; path = "Pods/Target Support Files/Pods-DynamicForms/Pods-DynamicForms.debug.xcconfig"; sourceTree = "<group>"; };
		31B909BCB280EE7F6BDE6EC6 /* Pods-DynamicFormsUITests.debug.xcconfig */ = {isa = PBXFileReference; includeInIndex = 1; lastKnownFileType = text.xcconfig; name = "Pods-DynamicFormsUITests.debug.xcconfig"; path = "Pods/Target Support Files/Pods-DynamicFormsUITests/Pods-DynamicFormsUITests.debug.xcconfig"; sourceTree = "<group>"; };
		3953A391C718DF96DA708D0F /* Pods_DynamicFormsUITests.framework */ = {isa = PBXFileReference; explicitFileType = wrapper.framework; includeInIndex = 0; path = Pods_DynamicFormsUITests.framework; sourceTree = BUILT_PRODUCTS_DIR; };
		A590092F0FA4F04D6075441C /* Pods-DynamicForms.release.xcconfig */ = {isa = PBXFileReference; includeInIndex = 1; lastKnownFileType = text.xcconfig; name = "Pods-DynamicForms.release.xcconfig"; path = "Pods/Target Support Files/Pods-DynamicForms/Pods-DynamicForms.release.xcconfig"; sourceTree = "<group>"; };
		BFAB2954A0F4416A3CCB0E60 /* Pods-DynamicFormsTests.release.xcconfig */ = {isa = PBXFileReference; includeInIndex = 1; lastKnownFileType = text.xcconfig; name = "Pods-DynamicFormsTests.release.xcconfig"; path = "Pods/Target Support Files/Pods-DynamicFormsTests/Pods-DynamicFormsTests.release.xcconfig"; sourceTree = "<group>"; };
		CBCCCE4E6146F3AE611B01B1 /* Pods-DynamicFormsUITests.release.xcconfig */ = {isa = PBXFileReference; includeInIndex = 1; lastKnownFileType = text.xcconfig; name = "Pods-DynamicFormsUITests.release.xcconfig"; path = "Pods/Target Support Files/Pods-DynamicFormsUITests/Pods-DynamicFormsUITests.release.xcconfig"; sourceTree = "<group>"; };
		DC7C1BCF9D087259DCE86944 /* Pods_DynamicFormsTests.framework */ = {isa = PBXFileReference; explicitFileType = wrapper.framework; includeInIndex = 0; path = Pods_DynamicFormsTests.framework; sourceTree = BUILT_PRODUCTS_DIR; };
		DDCB65A197B59052F4E6965E /* Pods_DynamicForms.framework */ = {isa = PBXFileReference; explicitFileType = wrapper.framework; includeInIndex = 0; path = Pods_DynamicForms.framework; sourceTree = BUILT_PRODUCTS_DIR; };
		FC0F88831DD57B9E00AEA608 /* CustomInputView.xib */ = {isa = PBXFileReference; fileEncoding = 4; lastKnownFileType = file.xib; path = CustomInputView.xib; sourceTree = "<group>"; };
		FC0F88851DD57BED00AEA608 /* CustomInputView.swift */ = {isa = PBXFileReference; fileEncoding = 4; lastKnownFileType = sourcecode.swift; path = CustomInputView.swift; sourceTree = "<group>"; };
		FC0F88881DD58B5300AEA608 /* DoubleInputTableViewCell.swift */ = {isa = PBXFileReference; fileEncoding = 4; lastKnownFileType = sourcecode.swift; path = DoubleInputTableViewCell.swift; sourceTree = "<group>"; };
		FC0F88891DD58B5300AEA608 /* DoubleInputTableViewCell.xib */ = {isa = PBXFileReference; fileEncoding = 4; lastKnownFileType = file.xib; path = DoubleInputTableViewCell.xib; sourceTree = "<group>"; };
		FC0F888C1DD58D6B00AEA608 /* TripleTableViewCell.swift */ = {isa = PBXFileReference; fileEncoding = 4; lastKnownFileType = sourcecode.swift; path = TripleTableViewCell.swift; sourceTree = "<group>"; };
		FC0F888D1DD58D6B00AEA608 /* TripleTableViewCell.xib */ = {isa = PBXFileReference; fileEncoding = 4; lastKnownFileType = file.xib; path = TripleTableViewCell.xib; sourceTree = "<group>"; };
		FC0F88901DD5A77100AEA608 /* TextFieldDataSource.swift */ = {isa = PBXFileReference; fileEncoding = 4; lastKnownFileType = sourcecode.swift; path = TextFieldDataSource.swift; sourceTree = "<group>"; };
		FC3C4F171DD1CD2900E6D1C1 /* DynamicForms.app */ = {isa = PBXFileReference; explicitFileType = wrapper.application; includeInIndex = 0; path = DynamicForms.app; sourceTree = BUILT_PRODUCTS_DIR; };
		FC3C4F1A1DD1CD2900E6D1C1 /* AppDelegate.swift */ = {isa = PBXFileReference; lastKnownFileType = sourcecode.swift; path = AppDelegate.swift; sourceTree = "<group>"; };
		FC3C4F1C1DD1CD2900E6D1C1 /* ViewController.swift */ = {isa = PBXFileReference; lastKnownFileType = sourcecode.swift; path = ViewController.swift; sourceTree = "<group>"; };
		FC3C4F1F1DD1CD2900E6D1C1 /* Base */ = {isa = PBXFileReference; lastKnownFileType = file.storyboard; name = Base; path = Base.lproj/Main.storyboard; sourceTree = "<group>"; };
		FC3C4F211DD1CD2900E6D1C1 /* Assets.xcassets */ = {isa = PBXFileReference; lastKnownFileType = folder.assetcatalog; path = Assets.xcassets; sourceTree = "<group>"; };
		FC3C4F241DD1CD2900E6D1C1 /* Base */ = {isa = PBXFileReference; lastKnownFileType = file.storyboard; name = Base; path = Base.lproj/LaunchScreen.storyboard; sourceTree = "<group>"; };
		FC3C4F261DD1CD2900E6D1C1 /* Info.plist */ = {isa = PBXFileReference; lastKnownFileType = text.plist.xml; path = Info.plist; sourceTree = "<group>"; };
		FC3C4F2B1DD1CD2900E6D1C1 /* DynamicFormsTests.xctest */ = {isa = PBXFileReference; explicitFileType = wrapper.cfbundle; includeInIndex = 0; path = DynamicFormsTests.xctest; sourceTree = BUILT_PRODUCTS_DIR; };
		FC3C4F2F1DD1CD2900E6D1C1 /* DynamicFormsTests.swift */ = {isa = PBXFileReference; lastKnownFileType = sourcecode.swift; path = DynamicFormsTests.swift; sourceTree = "<group>"; };
		FC3C4F311DD1CD2900E6D1C1 /* Info.plist */ = {isa = PBXFileReference; lastKnownFileType = text.plist.xml; path = Info.plist; sourceTree = "<group>"; };
		FC3C4F361DD1CD2900E6D1C1 /* DynamicFormsUITests.xctest */ = {isa = PBXFileReference; explicitFileType = wrapper.cfbundle; includeInIndex = 0; path = DynamicFormsUITests.xctest; sourceTree = BUILT_PRODUCTS_DIR; };
		FC3C4F3A1DD1CD2900E6D1C1 /* DynamicFormsUITests.swift */ = {isa = PBXFileReference; lastKnownFileType = sourcecode.swift; path = DynamicFormsUITests.swift; sourceTree = "<group>"; };
		FC3C4F3C1DD1CD2900E6D1C1 /* Info.plist */ = {isa = PBXFileReference; lastKnownFileType = text.plist.xml; path = Info.plist; sourceTree = "<group>"; };
		FCC011FD1DD46E0600278DE7 /* Data.json */ = {isa = PBXFileReference; fileEncoding = 4; lastKnownFileType = text.json; path = Data.json; sourceTree = "<group>"; };
		FCC012021DD470DF00278DE7 /* Attributes.swift */ = {isa = PBXFileReference; fileEncoding = 4; lastKnownFileType = sourcecode.swift; path = Attributes.swift; sourceTree = "<group>"; };
		FCC012031DD470DF00278DE7 /* BaseClass.swift */ = {isa = PBXFileReference; fileEncoding = 4; lastKnownFileType = sourcecode.swift; path = BaseClass.swift; sourceTree = "<group>"; };
		FCC012041DD470DF00278DE7 /* ValidationData.swift */ = {isa = PBXFileReference; fileEncoding = 4; lastKnownFileType = sourcecode.swift; path = ValidationData.swift; sourceTree = "<group>"; };
		FCC828831DD305B9001C1160 /* SingleFieldTableViewCell.swift */ = {isa = PBXFileReference; fileEncoding = 4; lastKnownFileType = sourcecode.swift; path = SingleFieldTableViewCell.swift; sourceTree = "<group>"; };
		FCC828841DD305B9001C1160 /* SingleFieldTableViewCell.xib */ = {isa = PBXFileReference; fileEncoding = 4; lastKnownFileType = file.xib; path = SingleFieldTableViewCell.xib; sourceTree = "<group>"; };
		FCDFB4081DD1F68500FBF6AB /* DataSource.swift */ = {isa = PBXFileReference; fileEncoding = 4; lastKnownFileType = sourcecode.swift; path = DataSource.swift; sourceTree = "<group>"; };
		FCDFB40A1DD1FAB600FBF6AB /* QuoteTableViewCell.swift */ = {isa = PBXFileReference; fileEncoding = 4; lastKnownFileType = sourcecode.swift; path = QuoteTableViewCell.swift; sourceTree = "<group>"; };
/* End PBXFileReference section */

/* Begin PBXFrameworksBuildPhase section */
		FC3C4F141DD1CD2900E6D1C1 /* Frameworks */ = {
			isa = PBXFrameworksBuildPhase;
			buildActionMask = 2147483647;
			files = (
				F5C0E7808B07E5E36F4F649A /* Pods_DynamicForms.framework in Frameworks */,
			);
			runOnlyForDeploymentPostprocessing = 0;
		};
		FC3C4F281DD1CD2900E6D1C1 /* Frameworks */ = {
			isa = PBXFrameworksBuildPhase;
			buildActionMask = 2147483647;
			files = (
				6CA1C116C99E6D3410E1337C /* Pods_DynamicFormsTests.framework in Frameworks */,
			);
			runOnlyForDeploymentPostprocessing = 0;
		};
		FC3C4F331DD1CD2900E6D1C1 /* Frameworks */ = {
			isa = PBXFrameworksBuildPhase;
			buildActionMask = 2147483647;
			files = (
				997CA6389CC240E564EC61B2 /* Pods_DynamicFormsUITests.framework in Frameworks */,
			);
			runOnlyForDeploymentPostprocessing = 0;
		};
/* End PBXFrameworksBuildPhase section */

/* Begin PBXGroup section */
		5A61FB455DEE904F51F07360 /* Pods */ = {
			isa = PBXGroup;
			children = (
				263CF67EFEEC5EFBE001BD01 /* Pods-DynamicForms.debug.xcconfig */,
				A590092F0FA4F04D6075441C /* Pods-DynamicForms.release.xcconfig */,
				13928A85E3D596BBFA096F86 /* Pods-DynamicFormsTests.debug.xcconfig */,
				BFAB2954A0F4416A3CCB0E60 /* Pods-DynamicFormsTests.release.xcconfig */,
				31B909BCB280EE7F6BDE6EC6 /* Pods-DynamicFormsUITests.debug.xcconfig */,
				CBCCCE4E6146F3AE611B01B1 /* Pods-DynamicFormsUITests.release.xcconfig */,
			);
			name = Pods;
			sourceTree = "<group>";
		};
		E1718A3092E196F69C02E650 /* Frameworks */ = {
			isa = PBXGroup;
			children = (
				DDCB65A197B59052F4E6965E /* Pods_DynamicForms.framework */,
				DC7C1BCF9D087259DCE86944 /* Pods_DynamicFormsTests.framework */,
				3953A391C718DF96DA708D0F /* Pods_DynamicFormsUITests.framework */,
			);
			name = Frameworks;
			sourceTree = "<group>";
		};
		FC0F88871DD58A8F00AEA608 /* TableViewCells */ = {
			isa = PBXGroup;
			children = (
				FC0F88881DD58B5300AEA608 /* DoubleInputTableViewCell.swift */,
				FC0F88891DD58B5300AEA608 /* DoubleInputTableViewCell.xib */,
				FC0F888C1DD58D6B00AEA608 /* TripleTableViewCell.swift */,
				FC0F888D1DD58D6B00AEA608 /* TripleTableViewCell.xib */,
			);
			path = TableViewCells;
			sourceTree = "<group>";
		};
		FC3C4F0E1DD1CD2800E6D1C1 = {
			isa = PBXGroup;
			children = (
				FC3C4F191DD1CD2900E6D1C1 /* DynamicForms */,
				FC3C4F2E1DD1CD2900E6D1C1 /* DynamicFormsTests */,
				FC3C4F391DD1CD2900E6D1C1 /* DynamicFormsUITests */,
				FC3C4F181DD1CD2900E6D1C1 /* Products */,
				5A61FB455DEE904F51F07360 /* Pods */,
				E1718A3092E196F69C02E650 /* Frameworks */,
			);
			sourceTree = "<group>";
		};
		FC3C4F181DD1CD2900E6D1C1 /* Products */ = {
			isa = PBXGroup;
			children = (
				FC3C4F171DD1CD2900E6D1C1 /* DynamicForms.app */,
				FC3C4F2B1DD1CD2900E6D1C1 /* DynamicFormsTests.xctest */,
				FC3C4F361DD1CD2900E6D1C1 /* DynamicFormsUITests.xctest */,
			);
			name = Products;
			sourceTree = "<group>";
		};
		FC3C4F191DD1CD2900E6D1C1 /* DynamicForms */ = {
			isa = PBXGroup;
			children = (
				FC0F88871DD58A8F00AEA608 /* TableViewCells */,
				FCC012081DD4890500278DE7 /* CustomViews */,
				FCC011FF1DD46E9300278DE7 /* Models */,
				FCC011FC1DD46D9800278DE7 /* Resources */,
				FC3C4F1A1DD1CD2900E6D1C1 /* AppDelegate.swift */,
				FCDFB40A1DD1FAB600FBF6AB /* QuoteTableViewCell.swift */,
				FC0F88901DD5A77100AEA608 /* TextFieldDataSource.swift */,
				FCDFB4081DD1F68500FBF6AB /* DataSource.swift */,
				FC3C4F1C1DD1CD2900E6D1C1 /* ViewController.swift */,
				FC3C4F1E1DD1CD2900E6D1C1 /* Main.storyboard */,
				FC3C4F211DD1CD2900E6D1C1 /* Assets.xcassets */,
				FC3C4F231DD1CD2900E6D1C1 /* LaunchScreen.storyboard */,
				FC3C4F261DD1CD2900E6D1C1 /* Info.plist */,
				FCC828831DD305B9001C1160 /* SingleFieldTableViewCell.swift */,
				FCC828841DD305B9001C1160 /* SingleFieldTableViewCell.xib */,
			);
			path = DynamicForms;
			sourceTree = "<group>";
		};
		FC3C4F2E1DD1CD2900E6D1C1 /* DynamicFormsTests */ = {
			isa = PBXGroup;
			children = (
				FC3C4F2F1DD1CD2900E6D1C1 /* DynamicFormsTests.swift */,
				FC3C4F311DD1CD2900E6D1C1 /* Info.plist */,
			);
			path = DynamicFormsTests;
			sourceTree = "<group>";
		};
		FC3C4F391DD1CD2900E6D1C1 /* DynamicFormsUITests */ = {
			isa = PBXGroup;
			children = (
				FC3C4F3A1DD1CD2900E6D1C1 /* DynamicFormsUITests.swift */,
				FC3C4F3C1DD1CD2900E6D1C1 /* Info.plist */,
			);
			path = DynamicFormsUITests;
			sourceTree = "<group>";
		};
		FCC011FC1DD46D9800278DE7 /* Resources */ = {
			isa = PBXGroup;
			children = (
				FCC011FD1DD46E0600278DE7 /* Data.json */,
			);
			path = Resources;
			sourceTree = "<group>";
		};
		FCC011FF1DD46E9300278DE7 /* Models */ = {
			isa = PBXGroup;
			children = (
				FCC012021DD470DF00278DE7 /* Attributes.swift */,
				FCC012031DD470DF00278DE7 /* BaseClass.swift */,
				FCC012041DD470DF00278DE7 /* ValidationData.swift */,
			);
			path = Models;
			sourceTree = "<group>";
		};
		FCC012081DD4890500278DE7 /* CustomViews */ = {
			isa = PBXGroup;
			children = (
				FC0F88831DD57B9E00AEA608 /* CustomInputView.xib */,
				FC0F88851DD57BED00AEA608 /* CustomInputView.swift */,
			);
			name = CustomViews;
			sourceTree = "<group>";
		};
/* End PBXGroup section */

/* Begin PBXNativeTarget section */
		FC3C4F161DD1CD2900E6D1C1 /* DynamicForms */ = {
			isa = PBXNativeTarget;
			buildConfigurationList = FC3C4F3F1DD1CD2900E6D1C1 /* Build configuration list for PBXNativeTarget "DynamicForms" */;
			buildPhases = (
				74A8B6501E4BCA081587022B /* [CP] Check Pods Manifest.lock */,
				FC3C4F131DD1CD2900E6D1C1 /* Sources */,
				FC3C4F141DD1CD2900E6D1C1 /* Frameworks */,
				FC3C4F151DD1CD2900E6D1C1 /* Resources */,
				498264AEF5F294727A8F0F8B /* [CP] Embed Pods Frameworks */,
				0E0D8B34535B14723CB3D6CB /* [CP] Copy Pods Resources */,
			);
			buildRules = (
			);
			dependencies = (
			);
			name = DynamicForms;
			productName = DynamicForms;
			productReference = FC3C4F171DD1CD2900E6D1C1 /* DynamicForms.app */;
			productType = "com.apple.product-type.application";
		};
		FC3C4F2A1DD1CD2900E6D1C1 /* DynamicFormsTests */ = {
			isa = PBXNativeTarget;
			buildConfigurationList = FC3C4F421DD1CD2900E6D1C1 /* Build configuration list for PBXNativeTarget "DynamicFormsTests" */;
			buildPhases = (
				A1A44A637DEB26FBC7BEB487 /* [CP] Check Pods Manifest.lock */,
				FC3C4F271DD1CD2900E6D1C1 /* Sources */,
				FC3C4F281DD1CD2900E6D1C1 /* Frameworks */,
				FC3C4F291DD1CD2900E6D1C1 /* Resources */,
				D53D9F033867A0282573466B /* [CP] Embed Pods Frameworks */,
				EEFB5E9A8CA2924F99F117DE /* [CP] Copy Pods Resources */,
			);
			buildRules = (
			);
			dependencies = (
				FC3C4F2D1DD1CD2900E6D1C1 /* PBXTargetDependency */,
			);
			name = DynamicFormsTests;
			productName = DynamicFormsTests;
			productReference = FC3C4F2B1DD1CD2900E6D1C1 /* DynamicFormsTests.xctest */;
			productType = "com.apple.product-type.bundle.unit-test";
		};
		FC3C4F351DD1CD2900E6D1C1 /* DynamicFormsUITests */ = {
			isa = PBXNativeTarget;
			buildConfigurationList = FC3C4F451DD1CD2900E6D1C1 /* Build configuration list for PBXNativeTarget "DynamicFormsUITests" */;
			buildPhases = (
				49C99879CEC26249F2BD457F /* [CP] Check Pods Manifest.lock */,
				FC3C4F321DD1CD2900E6D1C1 /* Sources */,
				FC3C4F331DD1CD2900E6D1C1 /* Frameworks */,
				FC3C4F341DD1CD2900E6D1C1 /* Resources */,
				1FB5379E7AC646611D0F6E2D /* [CP] Embed Pods Frameworks */,
				8EBD176344F0B88A6A746F13 /* [CP] Copy Pods Resources */,
			);
			buildRules = (
			);
			dependencies = (
				FC3C4F381DD1CD2900E6D1C1 /* PBXTargetDependency */,
			);
			name = DynamicFormsUITests;
			productName = DynamicFormsUITests;
			productReference = FC3C4F361DD1CD2900E6D1C1 /* DynamicFormsUITests.xctest */;
			productType = "com.apple.product-type.bundle.ui-testing";
		};
/* End PBXNativeTarget section */

/* Begin PBXProject section */
		FC3C4F0F1DD1CD2800E6D1C1 /* Project object */ = {
			isa = PBXProject;
			attributes = {
				LastSwiftUpdateCheck = 0800;
				LastUpgradeCheck = 0800;
				ORGANIZATIONNAME = Softcell;
				TargetAttributes = {
					FC3C4F161DD1CD2900E6D1C1 = {
						CreatedOnToolsVersion = 8.0;
						ProvisioningStyle = Automatic;
					};
					FC3C4F2A1DD1CD2900E6D1C1 = {
						CreatedOnToolsVersion = 8.0;
						ProvisioningStyle = Automatic;
						TestTargetID = FC3C4F161DD1CD2900E6D1C1;
					};
					FC3C4F351DD1CD2900E6D1C1 = {
						CreatedOnToolsVersion = 8.0;
						ProvisioningStyle = Automatic;
						TestTargetID = FC3C4F161DD1CD2900E6D1C1;
					};
				};
			};
			buildConfigurationList = FC3C4F121DD1CD2800E6D1C1 /* Build configuration list for PBXProject "DynamicForms" */;
			compatibilityVersion = "Xcode 3.2";
			developmentRegion = English;
			hasScannedForEncodings = 0;
			knownRegions = (
				en,
				Base,
			);
			mainGroup = FC3C4F0E1DD1CD2800E6D1C1;
			productRefGroup = FC3C4F181DD1CD2900E6D1C1 /* Products */;
			projectDirPath = "";
			projectRoot = "";
			targets = (
				FC3C4F161DD1CD2900E6D1C1 /* DynamicForms */,
				FC3C4F2A1DD1CD2900E6D1C1 /* DynamicFormsTests */,
				FC3C4F351DD1CD2900E6D1C1 /* DynamicFormsUITests */,
			);
		};
/* End PBXProject section */

/* Begin PBXResourcesBuildPhase section */
		FC3C4F151DD1CD2900E6D1C1 /* Resources */ = {
			isa = PBXResourcesBuildPhase;
			buildActionMask = 2147483647;
			files = (
				FC0F88841DD57B9E00AEA608 /* CustomInputView.xib in Resources */,
				FC0F888B1DD58B5300AEA608 /* DoubleInputTableViewCell.xib in Resources */,
				FCC011FE1DD46E0600278DE7 /* Data.json in Resources */,
				FC0F888F1DD58D6B00AEA608 /* TripleTableViewCell.xib in Resources */,
				FC3C4F251DD1CD2900E6D1C1 /* LaunchScreen.storyboard in Resources */,
				FC3C4F221DD1CD2900E6D1C1 /* Assets.xcassets in Resources */,
				FCC828861DD305B9001C1160 /* SingleFieldTableViewCell.xib in Resources */,
				FC3C4F201DD1CD2900E6D1C1 /* Main.storyboard in Resources */,
			);
			runOnlyForDeploymentPostprocessing = 0;
		};
		FC3C4F291DD1CD2900E6D1C1 /* Resources */ = {
			isa = PBXResourcesBuildPhase;
			buildActionMask = 2147483647;
			files = (
			);
			runOnlyForDeploymentPostprocessing = 0;
		};
		FC3C4F341DD1CD2900E6D1C1 /* Resources */ = {
			isa = PBXResourcesBuildPhase;
			buildActionMask = 2147483647;
			files = (
			);
			runOnlyForDeploymentPostprocessing = 0;
		};
/* End PBXResourcesBuildPhase section */

/* Begin PBXShellScriptBuildPhase section */
		0E0D8B34535B14723CB3D6CB /* [CP] Copy Pods Resources */ = {
			isa = PBXShellScriptBuildPhase;
			buildActionMask = 2147483647;
			files = (
			);
			inputPaths = (
			);
			name = "[CP] Copy Pods Resources";
			outputPaths = (
			);
			runOnlyForDeploymentPostprocessing = 0;
			shellPath = /bin/sh;
			shellScript = "\"${SRCROOT}/Pods/Target Support Files/Pods-DynamicForms/Pods-DynamicForms-resources.sh\"\n";
			showEnvVarsInLog = 0;
		};
		1FB5379E7AC646611D0F6E2D /* [CP] Embed Pods Frameworks */ = {
			isa = PBXShellScriptBuildPhase;
			buildActionMask = 2147483647;
			files = (
			);
			inputPaths = (
			);
			name = "[CP] Embed Pods Frameworks";
			outputPaths = (
			);
			runOnlyForDeploymentPostprocessing = 0;
			shellPath = /bin/sh;
			shellScript = "\"${SRCROOT}/Pods/Target Support Files/Pods-DynamicFormsUITests/Pods-DynamicFormsUITests-frameworks.sh\"\n";
			showEnvVarsInLog = 0;
		};
		498264AEF5F294727A8F0F8B /* [CP] Embed Pods Frameworks */ = {
			isa = PBXShellScriptBuildPhase;
			buildActionMask = 2147483647;
			files = (
			);
			inputPaths = (
			);
			name = "[CP] Embed Pods Frameworks";
			outputPaths = (
			);
			runOnlyForDeploymentPostprocessing = 0;
			shellPath = /bin/sh;
			shellScript = "\"${SRCROOT}/Pods/Target Support Files/Pods-DynamicForms/Pods-DynamicForms-frameworks.sh\"\n";
			showEnvVarsInLog = 0;
		};
		49C99879CEC26249F2BD457F /* [CP] Check Pods Manifest.lock */ = {
			isa = PBXShellScriptBuildPhase;
			buildActionMask = 2147483647;
			files = (
			);
			inputPaths = (
			);
			name = "[CP] Check Pods Manifest.lock";
			outputPaths = (
			);
			runOnlyForDeploymentPostprocessing = 0;
			shellPath = /bin/sh;
			shellScript = "diff \"${PODS_ROOT}/../Podfile.lock\" \"${PODS_ROOT}/Manifest.lock\" > /dev/null\nif [ $? != 0 ] ; then\n    # print error to STDERR\n    echo \"error: The sandbox is not in sync with the Podfile.lock. Run 'pod install' or update your CocoaPods installation.\" >&2\n    exit 1\nfi\n";
			showEnvVarsInLog = 0;
		};
		74A8B6501E4BCA081587022B /* [CP] Check Pods Manifest.lock */ = {
			isa = PBXShellScriptBuildPhase;
			buildActionMask = 2147483647;
			files = (
			);
			inputPaths = (
			);
			name = "[CP] Check Pods Manifest.lock";
			outputPaths = (
			);
			runOnlyForDeploymentPostprocessing = 0;
			shellPath = /bin/sh;
			shellScript = "diff \"${PODS_ROOT}/../Podfile.lock\" \"${PODS_ROOT}/Manifest.lock\" > /dev/null\nif [ $? != 0 ] ; then\n    # print error to STDERR\n    echo \"error: The sandbox is not in sync with the Podfile.lock. Run 'pod install' or update your CocoaPods installation.\" >&2\n    exit 1\nfi\n";
			showEnvVarsInLog = 0;
		};
		8EBD176344F0B88A6A746F13 /* [CP] Copy Pods Resources */ = {
			isa = PBXShellScriptBuildPhase;
			buildActionMask = 2147483647;
			files = (
			);
			inputPaths = (
			);
			name = "[CP] Copy Pods Resources";
			outputPaths = (
			);
			runOnlyForDeploymentPostprocessing = 0;
			shellPath = /bin/sh;
			shellScript = "\"${SRCROOT}/Pods/Target Support Files/Pods-DynamicFormsUITests/Pods-DynamicFormsUITests-resources.sh\"\n";
			showEnvVarsInLog = 0;
		};
		A1A44A637DEB26FBC7BEB487 /* [CP] Check Pods Manifest.lock */ = {
			isa = PBXShellScriptBuildPhase;
			buildActionMask = 2147483647;
			files = (
			);
			inputPaths = (
			);
			name = "[CP] Check Pods Manifest.lock";
			outputPaths = (
			);
			runOnlyForDeploymentPostprocessing = 0;
			shellPath = /bin/sh;
			shellScript = "diff \"${PODS_ROOT}/../Podfile.lock\" \"${PODS_ROOT}/Manifest.lock\" > /dev/null\nif [ $? != 0 ] ; then\n    # print error to STDERR\n    echo \"error: The sandbox is not in sync with the Podfile.lock. Run 'pod install' or update your CocoaPods installation.\" >&2\n    exit 1\nfi\n";
			showEnvVarsInLog = 0;
		};
		D53D9F033867A0282573466B /* [CP] Embed Pods Frameworks */ = {
			isa = PBXShellScriptBuildPhase;
			buildActionMask = 2147483647;
			files = (
			);
			inputPaths = (
			);
			name = "[CP] Embed Pods Frameworks";
			outputPaths = (
			);
			runOnlyForDeploymentPostprocessing = 0;
			shellPath = /bin/sh;
			shellScript = "\"${SRCROOT}/Pods/Target Support Files/Pods-DynamicFormsTests/Pods-DynamicFormsTests-frameworks.sh\"\n";
			showEnvVarsInLog = 0;
		};
		EEFB5E9A8CA2924F99F117DE /* [CP] Copy Pods Resources */ = {
			isa = PBXShellScriptBuildPhase;
			buildActionMask = 2147483647;
			files = (
			);
			inputPaths = (
			);
			name = "[CP] Copy Pods Resources";
			outputPaths = (
			);
			runOnlyForDeploymentPostprocessing = 0;
			shellPath = /bin/sh;
			shellScript = "\"${SRCROOT}/Pods/Target Support Files/Pods-DynamicFormsTests/Pods-DynamicFormsTests-resources.sh\"\n";
			showEnvVarsInLog = 0;
		};
/* End PBXShellScriptBuildPhase section */

/* Begin PBXSourcesBuildPhase section */
		FC3C4F131DD1CD2900E6D1C1 /* Sources */ = {
			isa = PBXSourcesBuildPhase;
			buildActionMask = 2147483647;
			files = (
				FCDFB40B1DD1FAB600FBF6AB /* QuoteTableViewCell.swift in Sources */,
				FCDFB4091DD1F68500FBF6AB /* DataSource.swift in Sources */,
				FCC828851DD305B9001C1160 /* SingleFieldTableViewCell.swift in Sources */,
				FC3C4F1D1DD1CD2900E6D1C1 /* ViewController.swift in Sources */,
				FCC012071DD470DF00278DE7 /* ValidationData.swift in Sources */,
				FC0F888A1DD58B5300AEA608 /* DoubleInputTableViewCell.swift in Sources */,
				FC0F88861DD57BED00AEA608 /* CustomInputView.swift in Sources */,
				FCC012061DD470DF00278DE7 /* BaseClass.swift in Sources */,
				FC0F88911DD5A77100AEA608 /* TextFieldDataSource.swift in Sources */,
				FC0F888E1DD58D6B00AEA608 /* TripleTableViewCell.swift in Sources */,
				FCC012051DD470DF00278DE7 /* Attributes.swift in Sources */,
				FC3C4F1B1DD1CD2900E6D1C1 /* AppDelegate.swift in Sources */,
			);
			runOnlyForDeploymentPostprocessing = 0;
		};
		FC3C4F271DD1CD2900E6D1C1 /* Sources */ = {
			isa = PBXSourcesBuildPhase;
			buildActionMask = 2147483647;
			files = (
				FC3C4F301DD1CD2900E6D1C1 /* DynamicFormsTests.swift in Sources */,
			);
			runOnlyForDeploymentPostprocessing = 0;
		};
		FC3C4F321DD1CD2900E6D1C1 /* Sources */ = {
			isa = PBXSourcesBuildPhase;
			buildActionMask = 2147483647;
			files = (
				FC3C4F3B1DD1CD2900E6D1C1 /* DynamicFormsUITests.swift in Sources */,
			);
			runOnlyForDeploymentPostprocessing = 0;
		};
/* End PBXSourcesBuildPhase section */

/* Begin PBXTargetDependency section */
		FC3C4F2D1DD1CD2900E6D1C1 /* PBXTargetDependency */ = {
			isa = PBXTargetDependency;
			target = FC3C4F161DD1CD2900E6D1C1 /* DynamicForms */;
			targetProxy = FC3C4F2C1DD1CD2900E6D1C1 /* PBXContainerItemProxy */;
		};
		FC3C4F381DD1CD2900E6D1C1 /* PBXTargetDependency */ = {
			isa = PBXTargetDependency;
			target = FC3C4F161DD1CD2900E6D1C1 /* DynamicForms */;
			targetProxy = FC3C4F371DD1CD2900E6D1C1 /* PBXContainerItemProxy */;
		};
/* End PBXTargetDependency section */

/* Begin PBXVariantGroup section */
		FC3C4F1E1DD1CD2900E6D1C1 /* Main.storyboard */ = {
			isa = PBXVariantGroup;
			children = (
				FC3C4F1F1DD1CD2900E6D1C1 /* Base */,
			);
			name = Main.storyboard;
			sourceTree = "<group>";
		};
		FC3C4F231DD1CD2900E6D1C1 /* LaunchScreen.storyboard */ = {
			isa = PBXVariantGroup;
			children = (
				FC3C4F241DD1CD2900E6D1C1 /* Base */,
			);
			name = LaunchScreen.storyboard;
			sourceTree = "<group>";
		};
/* End PBXVariantGroup section */

/* Begin XCBuildConfiguration section */
		FC3C4F3D1DD1CD2900E6D1C1 /* Debug */ = {
			isa = XCBuildConfiguration;
			buildSettings = {
				ALWAYS_SEARCH_USER_PATHS = NO;
				CLANG_ANALYZER_NONNULL = YES;
				CLANG_CXX_LANGUAGE_STANDARD = "gnu++0x";
				CLANG_CXX_LIBRARY = "libc++";
				CLANG_ENABLE_MODULES = YES;
				CLANG_ENABLE_OBJC_ARC = YES;
				CLANG_WARN_BOOL_CONVERSION = YES;
				CLANG_WARN_CONSTANT_CONVERSION = YES;
				CLANG_WARN_DIRECT_OBJC_ISA_USAGE = YES_ERROR;
				CLANG_WARN_DOCUMENTATION_COMMENTS = YES;
				CLANG_WARN_EMPTY_BODY = YES;
				CLANG_WARN_ENUM_CONVERSION = YES;
				CLANG_WARN_INFINITE_RECURSION = YES;
				CLANG_WARN_INT_CONVERSION = YES;
				CLANG_WARN_OBJC_ROOT_CLASS = YES_ERROR;
				CLANG_WARN_SUSPICIOUS_MOVES = YES;
				CLANG_WARN_UNREACHABLE_CODE = YES;
				CLANG_WARN__DUPLICATE_METHOD_MATCH = YES;
				"CODE_SIGN_IDENTITY[sdk=iphoneos*]" = "iPhone Developer";
				COPY_PHASE_STRIP = NO;
				DEBUG_INFORMATION_FORMAT = dwarf;
				ENABLE_STRICT_OBJC_MSGSEND = YES;
				ENABLE_TESTABILITY = YES;
				GCC_C_LANGUAGE_STANDARD = gnu99;
				GCC_DYNAMIC_NO_PIC = NO;
				GCC_NO_COMMON_BLOCKS = YES;
				GCC_OPTIMIZATION_LEVEL = 0;
				GCC_PREPROCESSOR_DEFINITIONS = (
					"DEBUG=1",
					"$(inherited)",
				);
				GCC_WARN_64_TO_32_BIT_CONVERSION = YES;
				GCC_WARN_ABOUT_RETURN_TYPE = YES_ERROR;
				GCC_WARN_UNDECLARED_SELECTOR = YES;
				GCC_WARN_UNINITIALIZED_AUTOS = YES_AGGRESSIVE;
				GCC_WARN_UNUSED_FUNCTION = YES;
				GCC_WARN_UNUSED_VARIABLE = YES;
				IPHONEOS_DEPLOYMENT_TARGET = 10.0;
				MTL_ENABLE_DEBUG_INFO = YES;
				ONLY_ACTIVE_ARCH = YES;
				SDKROOT = iphoneos;
				SWIFT_ACTIVE_COMPILATION_CONDITIONS = DEBUG;
				SWIFT_OPTIMIZATION_LEVEL = "-Onone";
				TARGETED_DEVICE_FAMILY = "1,2";
			};
			name = Debug;
		};
		FC3C4F3E1DD1CD2900E6D1C1 /* Release */ = {
			isa = XCBuildConfiguration;
			buildSettings = {
				ALWAYS_SEARCH_USER_PATHS = NO;
				CLANG_ANALYZER_NONNULL = YES;
				CLANG_CXX_LANGUAGE_STANDARD = "gnu++0x";
				CLANG_CXX_LIBRARY = "libc++";
				CLANG_ENABLE_MODULES = YES;
				CLANG_ENABLE_OBJC_ARC = YES;
				CLANG_WARN_BOOL_CONVERSION = YES;
				CLANG_WARN_CONSTANT_CONVERSION = YES;
				CLANG_WARN_DIRECT_OBJC_ISA_USAGE = YES_ERROR;
				CLANG_WARN_DOCUMENTATION_COMMENTS = YES;
				CLANG_WARN_EMPTY_BODY = YES;
				CLANG_WARN_ENUM_CONVERSION = YES;
				CLANG_WARN_INFINITE_RECURSION = YES;
				CLANG_WARN_INT_CONVERSION = YES;
				CLANG_WARN_OBJC_ROOT_CLASS = YES_ERROR;
				CLANG_WARN_SUSPICIOUS_MOVES = YES;
				CLANG_WARN_UNREACHABLE_CODE = YES;
				CLANG_WARN__DUPLICATE_METHOD_MATCH = YES;
				"CODE_SIGN_IDENTITY[sdk=iphoneos*]" = "iPhone Developer";
				COPY_PHASE_STRIP = NO;
				DEBUG_INFORMATION_FORMAT = "dwarf-with-dsym";
				ENABLE_NS_ASSERTIONS = NO;
				ENABLE_STRICT_OBJC_MSGSEND = YES;
				GCC_C_LANGUAGE_STANDARD = gnu99;
				GCC_NO_COMMON_BLOCKS = YES;
				GCC_WARN_64_TO_32_BIT_CONVERSION = YES;
				GCC_WARN_ABOUT_RETURN_TYPE = YES_ERROR;
				GCC_WARN_UNDECLARED_SELECTOR = YES;
				GCC_WARN_UNINITIALIZED_AUTOS = YES_AGGRESSIVE;
				GCC_WARN_UNUSED_FUNCTION = YES;
				GCC_WARN_UNUSED_VARIABLE = YES;
				IPHONEOS_DEPLOYMENT_TARGET = 10.0;
				MTL_ENABLE_DEBUG_INFO = NO;
				SDKROOT = iphoneos;
				SWIFT_OPTIMIZATION_LEVEL = "-Owholemodule";
				TARGETED_DEVICE_FAMILY = "1,2";
				VALIDATE_PRODUCT = YES;
			};
			name = Release;
		};
		FC3C4F401DD1CD2900E6D1C1 /* Debug */ = {
			isa = XCBuildConfiguration;
			baseConfigurationReference = 263CF67EFEEC5EFBE001BD01 /* Pods-DynamicForms.debug.xcconfig */;
			buildSettings = {
				ASSETCATALOG_COMPILER_APPICON_NAME = AppIcon;
				INFOPLIST_FILE = DynamicForms/Info.plist;
				LD_RUNPATH_SEARCH_PATHS = "$(inherited) @executable_path/Frameworks";
				PRODUCT_BUNDLE_IDENTIFIER = com.softcell.DynamicForms;
				PRODUCT_NAME = "$(TARGET_NAME)";
				SWIFT_VERSION = 3.0;
			};
			name = Debug;
		};
		FC3C4F411DD1CD2900E6D1C1 /* Release */ = {
			isa = XCBuildConfiguration;
			baseConfigurationReference = A590092F0FA4F04D6075441C /* Pods-DynamicForms.release.xcconfig */;
			buildSettings = {
				ASSETCATALOG_COMPILER_APPICON_NAME = AppIcon;
				INFOPLIST_FILE = DynamicForms/Info.plist;
				LD_RUNPATH_SEARCH_PATHS = "$(inherited) @executable_path/Frameworks";
				PRODUCT_BUNDLE_IDENTIFIER = com.softcell.DynamicForms;
				PRODUCT_NAME = "$(TARGET_NAME)";
				SWIFT_VERSION = 3.0;
			};
			name = Release;
		};
		FC3C4F431DD1CD2900E6D1C1 /* Debug */ = {
			isa = XCBuildConfiguration;
			baseConfigurationReference = 13928A85E3D596BBFA096F86 /* Pods-DynamicFormsTests.debug.xcconfig */;
			buildSettings = {
				ALWAYS_EMBED_SWIFT_STANDARD_LIBRARIES = YES;
				BUNDLE_LOADER = "$(TEST_HOST)";
				INFOPLIST_FILE = DynamicFormsTests/Info.plist;
				LD_RUNPATH_SEARCH_PATHS = "$(inherited) @executable_path/Frameworks @loader_path/Frameworks";
				PRODUCT_BUNDLE_IDENTIFIER = com.softcell.DynamicFormsTests;
				PRODUCT_NAME = "$(TARGET_NAME)";
				SWIFT_VERSION = 3.0;
				TEST_HOST = "$(BUILT_PRODUCTS_DIR)/DynamicForms.app/DynamicForms";
			};
			name = Debug;
		};
		FC3C4F441DD1CD2900E6D1C1 /* Release */ = {
			isa = XCBuildConfiguration;
			baseConfigurationReference = BFAB2954A0F4416A3CCB0E60 /* Pods-DynamicFormsTests.release.xcconfig */;
			buildSettings = {
				ALWAYS_EMBED_SWIFT_STANDARD_LIBRARIES = YES;
				BUNDLE_LOADER = "$(TEST_HOST)";
				INFOPLIST_FILE = DynamicFormsTests/Info.plist;
				LD_RUNPATH_SEARCH_PATHS = "$(inherited) @executable_path/Frameworks @loader_path/Frameworks";
				PRODUCT_BUNDLE_IDENTIFIER = com.softcell.DynamicFormsTests;
				PRODUCT_NAME = "$(TARGET_NAME)";
				SWIFT_VERSION = 3.0;
				TEST_HOST = "$(BUILT_PRODUCTS_DIR)/DynamicForms.app/DynamicForms";
			};
			name = Release;
		};
		FC3C4F461DD1CD2900E6D1C1 /* Debug */ = {
			isa = XCBuildConfiguration;
			baseConfigurationReference = 31B909BCB280EE7F6BDE6EC6 /* Pods-DynamicFormsUITests.debug.xcconfig */;
			buildSettings = {
				ALWAYS_EMBED_SWIFT_STANDARD_LIBRARIES = YES;
				INFOPLIST_FILE = DynamicFormsUITests/Info.plist;
				LD_RUNPATH_SEARCH_PATHS = "$(inherited) @executable_path/Frameworks @loader_path/Frameworks";
				PRODUCT_BUNDLE_IDENTIFIER = com.softcell.DynamicFormsUITests;
				PRODUCT_NAME = "$(TARGET_NAME)";
				SWIFT_VERSION = 3.0;
				TEST_TARGET_NAME = DynamicForms;
			};
			name = Debug;
		};
		FC3C4F471DD1CD2900E6D1C1 /* Release */ = {
			isa = XCBuildConfiguration;
			baseConfigurationReference = CBCCCE4E6146F3AE611B01B1 /* Pods-DynamicFormsUITests.release.xcconfig */;
			buildSettings = {
				ALWAYS_EMBED_SWIFT_STANDARD_LIBRARIES = YES;
				INFOPLIST_FILE = DynamicFormsUITests/Info.plist;
				LD_RUNPATH_SEARCH_PATHS = "$(inherited) @executable_path/Frameworks @loader_path/Frameworks";
				PRODUCT_BUNDLE_IDENTIFIER = com.softcell.DynamicFormsUITests;
				PRODUCT_NAME = "$(TARGET_NAME)";
				SWIFT_VERSION = 3.0;
				TEST_TARGET_NAME = DynamicForms;
			};
			name = Release;
		};
/* End XCBuildConfiguration section */

/* Begin XCConfigurationList section */
		FC3C4F121DD1CD2800E6D1C1 /* Build configuration list for PBXProject "DynamicForms" */ = {
			isa = XCConfigurationList;
			buildConfigurations = (
				FC3C4F3D1DD1CD2900E6D1C1 /* Debug */,
				FC3C4F3E1DD1CD2900E6D1C1 /* Release */,
			);
			defaultConfigurationIsVisible = 0;
			defaultConfigurationName = Release;
		};
		FC3C4F3F1DD1CD2900E6D1C1 /* Build configuration list for PBXNativeTarget "DynamicForms" */ = {
			isa = XCConfigurationList;
			buildConfigurations = (
				FC3C4F401DD1CD2900E6D1C1 /* Debug */,
				FC3C4F411DD1CD2900E6D1C1 /* Release */,
			);
			defaultConfigurationIsVisible = 0;
			defaultConfigurationName = Release;
		};
		FC3C4F421DD1CD2900E6D1C1 /* Build configuration list for PBXNativeTarget "DynamicFormsTests" */ = {
			isa = XCConfigurationList;
			buildConfigurations = (
				FC3C4F431DD1CD2900E6D1C1 /* Debug */,
				FC3C4F441DD1CD2900E6D1C1 /* Release */,
			);
			defaultConfigurationIsVisible = 0;
			defaultConfigurationName = Release;
		};
		FC3C4F451DD1CD2900E6D1C1 /* Build configuration list for PBXNativeTarget "DynamicFormsUITests" */ = {
			isa = XCConfigurationList;
			buildConfigurations = (
				FC3C4F461DD1CD2900E6D1C1 /* Debug */,
				FC3C4F471DD1CD2900E6D1C1 /* Release */,
			);
			defaultConfigurationIsVisible = 0;
			defaultConfigurationName = Release;
		};
/* End XCConfigurationList section */
	};
	rootObject = FC3C4F0F1DD1CD2800E6D1C1 /* Project object */;
}
